
Microsoft Visual Studio Solution File, Format Version 12.00
# Visual Studio Version 17
VisualStudioVersion = 17.12.35514.174
MinimumVisualStudioVersion = 10.0.40219.1
Project("{FAE04EC0-301F-11D3-BF4B-00C04F79EFBC}") = "DKMovies - Main", "DKMovies\DKMovies - Main.csproj", "{7C3D075C-CFC2-CEA1-D3C0-DFA4B1A6ACDA}"
EndProject
Global
	GlobalSection(SolutionConfigurationPlatforms) = preSolution
		Debug|Any CPU = Debug|Any CPU
		Release|Any CPU = Release|Any CPU
	EndGlobalSection
	GlobalSection(ProjectConfigurationPlatforms) = postSolution
		{7C3D075C-CFC2-CEA1-D3C0-DFA4B1A6ACDA}.Debug|Any CPU.ActiveCfg = Debug|Any CPU
		{7C3D075C-CFC2-CEA1-D3C0-DFA4B1A6ACDA}.Debug|Any CPU.Build.0 = Debug|Any CPU
		{7C3D075C-CFC2-CEA1-D3C0-DFA4B1A6ACDA}.Release|Any CPU.ActiveCfg = Release|Any CPU
		{7C3D075C-CFC2-CEA1-D3C0-DFA4B1A6ACDA}.Release|Any CPU.Build.0 = Release|Any CPU
	EndGlobalSection
	GlobalSection(SolutionProperties) = preSolution
		HideSolutionNode = FALSE
	EndGlobalSection
	GlobalSection(ExtensibilityGlobals) = postSolution
		SolutionGuid = {6DF67BFE-70F2-402E-892F-3CC086CD5CEA}
	EndGlobalSection
EndGlobal
